
Microsoft Visual Studio Solution File, Format Version 12.00
Project("{FAE04EC0-301F-11D3-BF4B-00C04F79EFBC}") = "DesignPatterns", "DesignPatterns\DesignPatterns.csproj", "{3AE6A980-BF8E-42D3-8909-26230FE7C0EA}"
EndProject
Global
	GlobalSection(SolutionConfigurationPlatforms) = preSolution
		Debug|Any CPU = Debug|Any CPU
		Release|Any CPU = Release|Any CPU
	EndGlobalSection
	GlobalSection(ProjectConfigurationPlatforms) = postSolution
		{3AE6A980-BF8E-42D3-8909-26230FE7C0EA}.Debug|Any CPU.ActiveCfg = Debug|Any CPU
		{3AE6A980-BF8E-42D3-8909-26230FE7C0EA}.Debug|Any CPU.Build.0 = Debug|Any CPU
		{3AE6A980-BF8E-42D3-8909-26230FE7C0EA}.Release|Any CPU.ActiveCfg = Release|Any CPU
		{3AE6A980-BF8E-42D3-8909-26230FE7C0EA}.Release|Any CPU.Build.0 = Release|Any CPU
	EndGlobalSection
EndGlobal
